// !$*UTF8*$!
{
	archiveVersion = 1;
	classes = {
	};
	objectVersion = 50;
	objects = {

/* Begin PBXBuildFile section */
		24A95FFD24B88D9A00EF8AD2 /* concentration.swift in Sources */ = {isa = PBXBuildFile; fileRef = 24A95FFC24B88D9A00EF8AD2 /* concentration.swift */; };
		24A95FFF24B88DF400EF8AD2 /* Card.swift in Sources */ = {isa = PBXBuildFile; fileRef = 24A95FFE24B88DF400EF8AD2 /* Card.swift */; };
		24B8A84124B6291F0033D0D9 /* AppDelegate.swift in Sources */ = {isa = PBXBuildFile; fileRef = 24B8A84024B6291F0033D0D9 /* AppDelegate.swift */; };
		24B8A84324B6291F0033D0D9 /* SceneDelegate.swift in Sources */ = {isa = PBXBuildFile; fileRef = 24B8A84224B6291F0033D0D9 /* SceneDelegate.swift */; };
		24B8A84524B6291F0033D0D9 /* ViewController.swift in Sources */ = {isa = PBXBuildFile; fileRef = 24B8A84424B6291F0033D0D9 /* ViewController.swift */; };
		24B8A84824B6291F0033D0D9 /* Main.storyboard in Resources */ = {isa = PBXBuildFile; fileRef = 24B8A84624B6291F0033D0D9 /* Main.storyboard */; };
		24B8A84A24B6291F0033D0D9 /* Assets.xcassets in Resources */ = {isa = PBXBuildFile; fileRef = 24B8A84924B6291F0033D0D9 /* Assets.xcassets */; };
		24B8A84D24B6291F0033D0D9 /* LaunchScreen.storyboard in Resources */ = {isa = PBXBuildFile; fileRef = 24B8A84B24B6291F0033D0D9 /* LaunchScreen.storyboard */; };
/* End PBXBuildFile section */

/* Begin PBXFileReference section */
		24A95FFC24B88D9A00EF8AD2 /* concentration.swift */ = {isa = PBXFileReference; lastKnownFileType = sourcecode.swift; path = concentration.swift; sourceTree = "<group>"; };
		24A95FFE24B88DF400EF8AD2 /* Card.swift */ = {isa = PBXFileReference; lastKnownFileType = sourcecode.swift; path = Card.swift; sourceTree = "<group>"; };
		24B8A83D24B6291F0033D0D9 /* 0709.app */ = {isa = PBXFileReference; explicitFileType = wrapper.application; includeInIndex = 0; path = 0709.app; sourceTree = BUILT_PRODUCTS_DIR; };
		24B8A84024B6291F0033D0D9 /* AppDelegate.swift */ = {isa = PBXFileReference; lastKnownFileType = sourcecode.swift; path = AppDelegate.swift; sourceTree = "<group>"; };
		24B8A84224B6291F0033D0D9 /* SceneDelegate.swift */ = {isa = PBXFileReference; lastKnownFileType = sourcecode.swift; path = SceneDelegate.swift; sourceTree = "<group>"; };
		24B8A84424B6291F0033D0D9 /* ViewController.swift */ = {isa = PBXFileReference; lastKnownFileType = sourcecode.swift; path = ViewController.swift; sourceTree = "<group>"; };
		24B8A84724B6291F0033D0D9 /* Base */ = {isa = PBXFileReference; lastKnownFileType = file.storyboard; name = Base; path = Base.lproj/Main.storyboard; sourceTree = "<group>"; };
		24B8A84924B6291F0033D0D9 /* Assets.xcassets */ = {isa = PBXFileReference; lastKnownFileType = folder.assetcatalog; path = Assets.xcassets; sourceTree = "<group>"; };
		24B8A84C24B6291F0033D0D9 /* Base */ = {isa = PBXFileReference; lastKnownFileType = file.storyboard; name = Base; path = Base.lproj/LaunchScreen.storyboard; sourceTree = "<group>"; };
		24B8A84E24B6291F0033D0D9 /* Info.plist */ = {isa = PBXFileReference; lastKnownFileType = text.plist.xml; path = Info.plist; sourceTree = "<group>"; };
/* End PBXFileReference section */

/* Begin PBXFrameworksBuildPhase section */
		24B8A83A24B6291F0033D0D9 /* Frameworks */ = {
			isa = PBXFrameworksBuildPhase;
			buildActionMask = 2147483647;
			files = (
			);
			runOnlyForDeploymentPostprocessing = 0;
		};
/* End PBXFrameworksBuildPhase section */

/* Begin PBXGroup section */
		24A95FFB24B88D7700EF8AD2 /* Model */ = {
			isa = PBXGroup;
			children = (
				24A95FFC24B88D9A00EF8AD2 /* concentration.swift */,
				24A95FFE24B88DF400EF8AD2 /* Card.swift */,
			);
			path = Model;
			sourceTree = "<group>";
		};
		24B8A83424B6291F0033D0D9 = {
			isa = PBXGroup;
			children = (
				24B8A83F24B6291F0033D0D9 /* 0709 */,
				24B8A83E24B6291F0033D0D9 /* Products */,
			);
			sourceTree = "<group>";
		};
		24B8A83E24B6291F0033D0D9 /* Products */ = {
			isa = PBXGroup;
			children = (
				24B8A83D24B6291F0033D0D9 /* 0709.app */,
			);
			name = Products;
			sourceTree = "<group>";
		};
		24B8A83F24B6291F0033D0D9 /* 0709 */ = {
			isa = PBXGroup;
			children = (
				24A95FFB24B88D7700EF8AD2 /* Model */,
				24B8A84024B6291F0033D0D9 /* AppDelegate.swift */,
				24B8A84224B6291F0033D0D9 /* SceneDelegate.swift */,
				24B8A84424B6291F0033D0D9 /* ViewController.swift */,
				24B8A84624B6291F0033D0D9 /* Main.storyboard */,
				24B8A84924B6291F0033D0D9 /* Assets.xcassets */,
				24B8A84B24B6291F0033D0D9 /* LaunchScreen.storyboard */,
				24B8A84E24B6291F0033D0D9 /* Info.plist */,
			);
			path = 0709;
			sourceTree = "<group>";
		};
/* End PBXGroup section */

/* Begin PBXNativeTarget section */
		24B8A83C24B6291F0033D0D9 /* 0709 */ = {
			isa = PBXNativeTarget;
			buildConfigurationList = 24B8A85124B6291F0033D0D9 /* Build configuration list for PBXNativeTarget "0709" */;
			buildPhases = (
				24B8A83924B6291F0033D0D9 /* Sources */,
				24B8A83A24B6291F0033D0D9 /* Frameworks */,
				24B8A83B24B6291F0033D0D9 /* Resources */,
			);
			buildRules = (
			);
			dependencies = (
			);
			name = 0709;
			productName = 0709;
			productReference = 24B8A83D24B6291F0033D0D9 /* 0709.app */;
			productType = "com.apple.product-type.application";
		};
/* End PBXNativeTarget section */

/* Begin PBXProject section */
		24B8A83524B6291F0033D0D9 /* Project object */ = {
			isa = PBXProject;
			attributes = {
				LastSwiftUpdateCheck = 1120;
				LastUpgradeCheck = 1120;
				ORGANIZATIONNAME = Steven;
				TargetAttributes = {
					24B8A83C24B6291F0033D0D9 = {
						CreatedOnToolsVersion = 11.2.1;
					};
				};
			};
			buildConfigurationList = 24B8A83824B6291F0033D0D9 /* Build configuration list for PBXProject "0709" */;
			compatibilityVersion = "Xcode 9.3";
			developmentRegion = en;
			hasScannedForEncodings = 0;
			knownRegions = (
				en,
				Base,
			);
			mainGroup = 24B8A83424B6291F0033D0D9;
			productRefGroup = 24B8A83E24B6291F0033D0D9 /* Products */;
			projectDirPath = "";
			projectRoot = "";
			targets = (
				24B8A83C24B6291F0033D0D9 /* 0709 */,
			);
		};
/* End PBXProject section */

/* Begin PBXResourcesBuildPhase section */
		24B8A83B24B6291F0033D0D9 /* Resources */ = {
			isa = PBXResourcesBuildPhase;
			buildActionMask = 2147483647;
			files = (
				24B8A84D24B6291F0033D0D9 /* LaunchScreen.storyboard in Resources */,
				24B8A84A24B6291F0033D0D9 /* Assets.xcassets in Resources */,
				24B8A84824B6291F0033D0D9 /* Main.storyboard in Resources */,
			);
			runOnlyForDeploymentPostprocessing = 0;
		};
/* End PBXResourcesBuildPhase section */

/* Begin PBXSourcesBuildPhase section */
		24B8A83924B6291F0033D0D9 /* Sources */ = {
			isa = PBXSourcesBuildPhase;
			buildActionMask = 2147483647;
			files = (
				24B8A84524B6291F0033D0D9 /* ViewController.swift in Sources */,
				24A95FFD24B88D9A00EF8AD2 /* concentration.swift in Sources */,
				24A95FFF24B88DF400EF8AD2 /* Card.swift in Sources */,
				24B8A84124B6291F0033D0D9 /* AppDelegate.swift in Sources */,
				24B8A84324B6291F0033D0D9 /* SceneDelegate.swift in Sources */,
			);
			runOnlyForDeploymentPostprocessing = 0;
		};
/* End PBXSourcesBuildPhase section */

/* Begin PBXVariantGroup section */
		24B8A84624B6291F0033D0D9 /* Main.storyboard */ = {
			isa = PBXVariantGroup;
			children = (
				24B8A84724B6291F0033D0D9 /* Base */,
			);
			name = Main.storyboard;
			sourceTree = "<group>";
		};
		24B8A84B24B6291F0033D0D9 /* LaunchScreen.storyboard */ = {
			isa = PBXVariantGroup;
			children = (
				24B8A84C24B6291F0033D0D9 /* Base */,
			);
			name = LaunchScreen.storyboard;
			sourceTree = "<group>";
		};
/* End PBXVariantGroup section */

/* Begin XCBuildConfiguration section */
		24B8A84F24B6291F0033D0D9 /* Debug */ = {
			isa = XCBuildConfiguration;
			buildSettings = {
				ALWAYS_SEARCH_USER_PATHS = NO;
				CLANG_ANALYZER_NONNULL = YES;
				CLANG_ANALYZER_NUMBER_OBJECT_CONVERSION = YES_AGGRESSIVE;
				CLANG_CXX_LANGUAGE_STANDARD = "gnu++14";
				CLANG_CXX_LIBRARY = "libc++";
				CLANG_ENABLE_MODULES = YES;
				CLANG_ENABLE_OBJC_ARC = YES;
				CLANG_ENABLE_OBJC_WEAK = YES;
				CLANG_WARN_BLOCK_CAPTURE_AUTORELEASING = YES;
				CLANG_WARN_BOOL_CONVERSION = YES;
				CLANG_WARN_COMMA = YES;
				CLANG_WARN_CONSTANT_CONVERSION = YES;
				CLANG_WARN_DEPRECATED_OBJC_IMPLEMENTATIONS = YES;
				CLANG_WARN_DIRECT_OBJC_ISA_USAGE = YES_ERROR;
				CLANG_WARN_DOCUMENTATION_COMMENTS = YES;
				CLANG_WARN_EMPTY_BODY = YES;
				CLANG_WARN_ENUM_CONVERSION = YES;
				CLANG_WARN_INFINITE_RECURSION = YES;
				CLANG_WARN_INT_CONVERSION = YES;
				CLANG_WARN_NON_LITERAL_NULL_CONVERSION = YES;
				CLANG_WARN_OBJC_IMPLICIT_RETAIN_SELF = YES;
				CLANG_WARN_OBJC_LITERAL_CONVERSION = YES;
				CLANG_WARN_OBJC_ROOT_CLASS = YES_ERROR;
				CLANG_WARN_RANGE_LOOP_ANALYSIS = YES;
				CLANG_WARN_STRICT_PROTOTYPES = YES;
				CLANG_WARN_SUSPICIOUS_MOVE = YES;
				CLANG_WARN_UNGUARDED_AVAILABILITY = YES_AGGRESSIVE;
				CLANG_WARN_UNREACHABLE_CODE = YES;
				CLANG_WARN__DUPLICATE_METHOD_MATCH = YES;
				COPY_PHASE_STRIP = NO;
				DEBUG_INFORMATION_FORMAT = dwarf;
				ENABLE_STRICT_OBJC_MSGSEND = YES;
				ENABLE_TESTABILITY = YES;
				GCC_C_LANGUAGE_STANDARD = gnu11;
				GCC_DYNAMIC_NO_PIC = NO;
				GCC_NO_COMMON_BLOCKS = YES;
				GCC_OPTIMIZATION_LEVEL = 0;
				GCC_PREPROCESSOR_DEFINITIONS = (
					"DEBUG=1",
					"$(inherited)",
				);
				GCC_WARN_64_TO_32_BIT_CONVERSION = YES;
				GCC_WARN_ABOUT_RETURN_TYPE = YES_ERROR;
				GCC_WARN_UNDECLARED_SELECTOR = YES;
				GCC_WARN_UNINITIALIZED_AUTOS = YES_AGGRESSIVE;
				GCC_WARN_UNUSED_FUNCTION = YES;
				GCC_WARN_UNUSED_VARIABLE = YES;
				IPHONEOS_DEPLOYMENT_TARGET = 13.2;
				MTL_ENABLE_DEBUG_INFO = INCLUDE_SOURCE;
				MTL_FAST_MATH = YES;
				ONLY_ACTIVE_ARCH = YES;
				SDKROOT = iphoneos;
				SWIFT_ACTIVE_COMPILATION_CONDITIONS = DEBUG;
				SWIFT_OPTIMIZATION_LEVEL = "-Onone";
			};
			name = Debug;
		};
		24B8A85024B6291F0033D0D9 /* Release */ = {
			isa = XCBuildConfiguration;
			buildSettings = {
				ALWAYS_SEARCH_USER_PATHS = NO;
				CLANG_ANALYZER_NONNULL = YES;
				CLANG_ANALYZER_NUMBER_OBJECT_CONVERSION = YES_AGGRESSIVE;
				CLANG_CXX_LANGUAGE_STANDARD = "gnu++14";
				CLANG_CXX_LIBRARY = "libc++";
				CLANG_ENABLE_MODULES = YES;
				CLANG_ENABLE_OBJC_ARC = YES;
				CLANG_ENABLE_OBJC_WEAK = YES;
				CLANG_WARN_BLOCK_CAPTURE_AUTORELEASING = YES;
				CLANG_WARN_BOOL_CONVERSION = YES;
				CLANG_WARN_COMMA = YES;
				CLANG_WARN_CONSTANT_CONVERSION = YES;
				CLANG_WARN_DEPRECATED_OBJC_IMPLEMENTATIONS = YES;
				CLANG_WARN_DIRECT_OBJC_ISA_USAGE = YES_ERROR;
				CLANG_WARN_DOCUMENTATION_COMMENTS = YES;
				CLANG_WARN_EMPTY_BODY = YES;
				CLANG_WARN_ENUM_CONVERSION = YES;
				CLANG_WARN_INFINITE_RECURSION = YES;
				CLANG_WARN_INT_CONVERSION = YES;
				CLANG_WARN_NON_LITERAL_NULL_CONVERSION = YES;
				CLANG_WARN_OBJC_IMPLICIT_RETAIN_SELF = YES;
				CLANG_WARN_OBJC_LITERAL_CONVERSION = YES;
				CLANG_WARN_OBJC_ROOT_CLASS = YES_ERROR;
				CLANG_WARN_RANGE_LOOP_ANALYSIS = YES;
				CLANG_WARN_STRICT_PROTOTYPES = YES;
				CLANG_WARN_SUSPICIOUS_MOVE = YES;
				CLANG_WARN_UNGUARDED_AVAILABILITY = YES_AGGRESSIVE;
				CLANG_WARN_UNREACHABLE_CODE = YES;
				CLANG_WARN__DUPLICATE_METHOD_MATCH = YES;
				COPY_PHASE_STRIP = NO;
				DEBUG_INFORMATION_FORMAT = "dwarf-with-dsym";
				ENABLE_NS_ASSERTIONS = NO;
				ENABLE_STRICT_OBJC_MSGSEND = YES;
				GCC_C_LANGUAGE_STANDARD = gnu11;
				GCC_NO_COMMON_BLOCKS = YES;
				GCC_WARN_64_TO_32_BIT_CONVERSION = YES;
				GCC_WARN_ABOUT_RETURN_TYPE = YES_ERROR;
				GCC_WARN_UNDECLARED_SELECTOR = YES;
				GCC_WARN_UNINITIALIZED_AUTOS = YES_AGGRESSIVE;
				GCC_WARN_UNUSED_FUNCTION = YES;
				GCC_WARN_UNUSED_VARIABLE = YES;
				IPHONEOS_DEPLOYMENT_TARGET = 13.2;
				MTL_ENABLE_DEBUG_INFO = NO;
				MTL_FAST_MATH = YES;
				SDKROOT = iphoneos;
				SWIFT_COMPILATION_MODE = wholemodule;
				SWIFT_OPTIMIZATION_LEVEL = "-O";
				VALIDATE_PRODUCT = YES;
			};
			name = Release;
		};
		24B8A85224B6291F0033D0D9 /* Debug */ = {
			isa = XCBuildConfiguration;
			buildSettings = {
				ASSETCATALOG_COMPILER_APPICON_NAME = AppIcon;
				CODE_SIGN_STYLE = Automatic;
				INFOPLIST_FILE = 0709/Info.plist;
				LD_RUNPATH_SEARCH_PATHS = (
					"$(inherited)",
					"@executable_path/Frameworks",
				);
				PRODUCT_BUNDLE_IDENTIFIER = "Steven-QI.-709";
				PRODUCT_NAME = "$(TARGET_NAME)";
				SWIFT_VERSION = 5.0;
				TARGETED_DEVICE_FAMILY = "1,2";
			};
			name = Debug;
		};
		24B8A85324B6291F0033D0D9 /* Release */ = {
			isa = XCBuildConfiguration;
			buildSettings = {
				ASSETCATALOG_COMPILER_APPICON_NAME = AppIcon;
				CODE_SIGN_STYLE = Automatic;
				INFOPLIST_FILE = 0709/Info.plist;
				LD_RUNPATH_SEARCH_PATHS = (
					"$(inherited)",
					"@executable_path/Frameworks",
				);
				PRODUCT_BUNDLE_IDENTIFIER = "Steven-QI.-709";
				PRODUCT_NAME = "$(TARGET_NAME)";
				SWIFT_VERSION = 5.0;
				TARGETED_DEVICE_FAMILY = "1,2";
			};
			name = Release;
		};
/* End XCBuildConfiguration section */

/* Begin XCConfigurationList section */
		24B8A83824B6291F0033D0D9 /* Build configuration list for PBXProject "0709" */ = {
			isa = XCConfigurationList;
			buildConfigurations = (
				24B8A84F24B6291F0033D0D9 /* Debug */,
				24B8A85024B6291F0033D0D9 /* Release */,
			);
			defaultConfigurationIsVisible = 0;
			defaultConfigurationName = Release;
		};
		24B8A85124B6291F0033D0D9 /* Build configuration list for PBXNativeTarget "0709" */ = {
			isa = XCConfigurationList;
			buildConfigurations = (
				24B8A85224B6291F0033D0D9 /* Debug */,
				24B8A85324B6291F0033D0D9 /* Release */,
			);
			defaultConfigurationIsVisible = 0;
			defaultConfigurationName = Release;
		};
/* End XCConfigurationList section */
	};
	rootObject = 24B8A83524B6291F0033D0D9 /* Project object */;
}
